// !$*UTF8*$!
{
	archiveVersion = 1;
	classes = {
	};
	objectVersion = 77;
	objects = {

/* Begin PBXBuildFile section */
		291AC40C7F9ECF0BE3A74652 /* ViewController.swift in Sources */ = {isa = PBXBuildFile; fileRef = 0136CFC54990D439A77EAAE0 /* ViewController.swift */; };
		570C0F7CBFA9DCB1DC46612D /* AppDelegate.swift in Sources */ = {isa = PBXBuildFile; fileRef = 12B58CADDBECDCF1C79CD52F /* AppDelegate.swift */; };
		7E08AD64484861858D88268F /* SceneDelegate.swift in Sources */ = {isa = PBXBuildFile; fileRef = DDF3E4BCD88329E9C6884724 /* SceneDelegate.swift */; };
		AC96782CFED595F0A15EED7C /* MobikiSDK in Frameworks */ = {isa = PBXBuildFile; productRef = CD73B2C37037952D0347D80D /* MobikiSDK */; };
/* End PBXBuildFile section */

/* Begin PBXFileReference section */
		0136CFC54990D439A77EAAE0 /* ViewController.swift */ = {isa = PBXFileReference; lastKnownFileType = sourcecode.swift; path = ViewController.swift; sourceTree = "<group>"; };
		12B58CADDBECDCF1C79CD52F /* AppDelegate.swift */ = {isa = PBXFileReference; lastKnownFileType = sourcecode.swift; path = AppDelegate.swift; sourceTree = "<group>"; };
		3B19DEAA250F04D766AA7E9C /* Info.plist */ = {isa = PBXFileReference; lastKnownFileType = text.plist; path = Info.plist; sourceTree = "<group>"; };
		6492F4DECE6DBFE74757E601 /* MobikiExample.app */ = {isa = PBXFileReference; explicitFileType = wrapper.application; includeInIndex = 0; path = MobikiExample.app; sourceTree = BUILT_PRODUCTS_DIR; };
		CEC47B850EE2EE781F61E8F2 /* mobiki-ios-sdk */ = {isa = PBXFileReference; lastKnownFileType = folder; name = "mobiki-ios-sdk"; path = ..; sourceTree = SOURCE_ROOT; };
		DDF3E4BCD88329E9C6884724 /* SceneDelegate.swift */ = {isa = PBXFileReference; lastKnownFileType = sourcecode.swift; path = SceneDelegate.swift; sourceTree = "<group>"; };
/* End PBXFileReference section */

/* Begin PBXFrameworksBuildPhase section */
		6E6DD514D0CFAF4EE1D81C41 /* Frameworks */ = {
			isa = PBXFrameworksBuildPhase;
			buildActionMask = 2147483647;
			files = (
				AC96782CFED595F0A15EED7C /* MobikiSDK in Frameworks */,
			);
			runOnlyForDeploymentPostprocessing = 0;
		};
/* End PBXFrameworksBuildPhase section */

/* Begin PBXGroup section */
		45C19C03027435BC6DAD6123 = {
			isa = PBXGroup;
			children = (
				FB81E72BC23D94AE68FF0084 /* MobikiExample */,
				6527AD222B28E35C099ACB19 /* Packages */,
				5797E8D37D5C7BEAF95CF4B2 /* Products */,
			);
			sourceTree = "<group>";
		};
		5797E8D37D5C7BEAF95CF4B2 /* Products */ = {
			isa = PBXGroup;
			children = (
				6492F4DECE6DBFE74757E601 /* MobikiExample.app */,
			);
			name = Products;
			sourceTree = "<group>";
		};
		6527AD222B28E35C099ACB19 /* Packages */ = {
			isa = PBXGroup;
			children = (
				CEC47B850EE2EE781F61E8F2 /* mobiki-ios-sdk */,
			);
			name = Packages;
			sourceTree = "<group>";
		};
		FB81E72BC23D94AE68FF0084 /* MobikiExample */ = {
			isa = PBXGroup;
			children = (
				12B58CADDBECDCF1C79CD52F /* AppDelegate.swift */,
				3B19DEAA250F04D766AA7E9C /* Info.plist */,
				DDF3E4BCD88329E9C6884724 /* SceneDelegate.swift */,
				0136CFC54990D439A77EAAE0 /* ViewController.swift */,
			);
			path = MobikiExample;
			sourceTree = "<group>";
		};
/* End PBXGroup section */

/* Begin PBXNativeTarget section */
		D8F542A7D69173DA930CDA8C /* MobikiExample */ = {
			isa = PBXNativeTarget;
			buildConfigurationList = 9F5E7D5CEC450036AC164DD8 /* Build configuration list for PBXNativeTarget "MobikiExample" */;
			buildPhases = (
				0236F7BE1E448119FB40130B /* Sources */,
				6E6DD514D0CFAF4EE1D81C41 /* Frameworks */,
			);
			buildRules = (
			);
			dependencies = (
			);
			name = MobikiExample;
			packageProductDependencies = (
				CD73B2C37037952D0347D80D /* MobikiSDK */,
			);
			productName = MobikiExample;
			productReference = 6492F4DECE6DBFE74757E601 /* MobikiExample.app */;
			productType = "com.apple.product-type.application";
		};
/* End PBXNativeTarget section */

/* Begin PBXProject section */
		41911DDF3ECAD89E0278A7FF /* Project object */ = {
			isa = PBXProject;
			attributes = {
				BuildIndependentTargetsInParallel = YES;
				LastUpgradeCheck = 1500;
			};
			buildConfigurationList = 8FD081F08E2C90193091890D /* Build configuration list for PBXProject "MobikiExample" */;
			developmentRegion = en;
			hasScannedForEncodings = 0;
			knownRegions = (
				Base,
				en,
			);
			mainGroup = 45C19C03027435BC6DAD6123;
			minimizedProjectReferenceProxies = 1;
			packageReferences = (
				81E63FC6DE540184EBC20331 /* XCLocalSwiftPackageReference "..//" */,
			);
			preferredProjectObjectVersion = 77;
			productRefGroup = 5797E8D37D5C7BEAF95CF4B2 /* Products */;
			projectDirPath = "";
			projectRoot = "";
			targets = (
				D8F542A7D69173DA930CDA8C /* MobikiExample */,
			);
		};
/* End PBXProject section */

/* Begin PBXSourcesBuildPhase section */
		0236F7BE1E448119FB40130B /* Sources */ = {
			isa = PBXSourcesBuildPhase;
			buildActionMask = 2147483647;
			files = (
				570C0F7CBFA9DCB1DC46612D /* AppDelegate.swift in Sources */,
				7E08AD64484861858D88268F /* SceneDelegate.swift in Sources */,
				291AC40C7F9ECF0BE3A74652 /* ViewController.swift in Sources */,
			);
			runOnlyForDeploymentPostprocessing = 0;
		};
/* End PBXSourcesBuildPhase section */

/* Begin XCBuildConfiguration section */
		04CD6B60D6042CD0B1E69222 /* Debug */ = {
			isa = XCBuildConfiguration;
			buildSettings = {
				ALWAYS_SEARCH_USER_PATHS = NO;
				CLANG_ANALYZER_NONNULL = YES;
				CLANG_ANALYZER_NUMBER_OBJECT_CONVERSION = YES_AGGRESSIVE;
				CLANG_CXX_LANGUAGE_STANDARD = "gnu++14";
				CLANG_CXX_LIBRARY = "libc++";
				CLANG_ENABLE_MODULES = YES;
				CLANG_ENABLE_OBJC_ARC = YES;
				CLANG_ENABLE_OBJC_WEAK = YES;
				CLANG_WARN_BLOCK_CAPTURE_AUTORELEASING = YES;
				CLANG_WARN_BOOL_CONVERSION = YES;
				CLANG_WARN_COMMA = YES;
				CLANG_WARN_CONSTANT_CONVERSION = YES;
				CLANG_WARN_DEPRECATED_OBJC_IMPLEMENTATIONS = YES;
				CLANG_WARN_DIRECT_OBJC_ISA_USAGE = YES_ERROR;
				CLANG_WARN_DOCUMENTATION_COMMENTS = YES;
				CLANG_WARN_EMPTY_BODY = YES;
				CLANG_WARN_ENUM_CONVERSION = YES;
				CLANG_WARN_INFINITE_RECURSION = YES;
				CLANG_WARN_INT_CONVERSION = YES;
				CLANG_WARN_NON_LITERAL_NULL_CONVERSION = YES;
				CLANG_WARN_OBJC_IMPLICIT_RETAIN_SELF = YES;
				CLANG_WARN_OBJC_LITERAL_CONVERSION = YES;
				CLANG_WARN_OBJC_ROOT_CLASS = YES_ERROR;
				CLANG_WARN_QUOTED_INCLUDE_IN_FRAMEWORK_HEADER = YES;
				CLANG_WARN_RANGE_LOOP_ANALYSIS = YES;
				CLANG_WARN_STRICT_PROTOTYPES = YES;
				CLANG_WARN_SUSPICIOUS_MOVE = YES;
				CLANG_WARN_UNGUARDED_AVAILABILITY = YES_AGGRESSIVE;
				CLANG_WARN_UNREACHABLE_CODE = YES;
				CLANG_WARN__DUPLICATE_METHOD_MATCH = YES;
				COPY_PHASE_STRIP = NO;
				DEBUG_INFORMATION_FORMAT = dwarf;
				ENABLE_STRICT_OBJC_MSGSEND = YES;
				ENABLE_TESTABILITY = YES;
				GCC_C_LANGUAGE_STANDARD = gnu11;
				GCC_DYNAMIC_NO_PIC = NO;
				GCC_NO_COMMON_BLOCKS = YES;
				GCC_OPTIMIZATION_LEVEL = 0;
				GCC_PREPROCESSOR_DEFINITIONS = (
					"$(inherited)",
					"DEBUG=1",
				);
				GCC_WARN_64_TO_32_BIT_CONVERSION = YES;
				GCC_WARN_ABOUT_RETURN_TYPE = YES_ERROR;
				GCC_WARN_UNDECLARED_SELECTOR = YES;
				GCC_WARN_UNINITIALIZED_AUTOS = YES_AGGRESSIVE;
				GCC_WARN_UNUSED_FUNCTION = YES;
				GCC_WARN_UNUSED_VARIABLE = YES;
				IPHONEOS_DEPLOYMENT_TARGET = 15.0;
				MTL_ENABLE_DEBUG_INFO = INCLUDE_SOURCE;
				MTL_FAST_MATH = YES;
				ONLY_ACTIVE_ARCH = YES;
				PRODUCT_NAME = "$(TARGET_NAME)";
				SDKROOT = iphoneos;
				SWIFT_ACTIVE_COMPILATION_CONDITIONS = DEBUG;
				SWIFT_OPTIMIZATION_LEVEL = "-Onone";
				SWIFT_VERSION = 5.0;
			};
			name = Debug;
		};
		3C627B86575D898D49D8DB9D /* Release */ = {
			isa = XCBuildConfiguration;
			buildSettings = {
				ALWAYS_SEARCH_USER_PATHS = NO;
				CLANG_ANALYZER_NONNULL = YES;
				CLANG_ANALYZER_NUMBER_OBJECT_CONVERSION = YES_AGGRESSIVE;
				CLANG_CXX_LANGUAGE_STANDARD = "gnu++14";
				CLANG_CXX_LIBRARY = "libc++";
				CLANG_ENABLE_MODULES = YES;
				CLANG_ENABLE_OBJC_ARC = YES;
				CLANG_ENABLE_OBJC_WEAK = YES;
				CLANG_WARN_BLOCK_CAPTURE_AUTORELEASING = YES;
				CLANG_WARN_BOOL_CONVERSION = YES;
				CLANG_WARN_COMMA = YES;
				CLANG_WARN_CONSTANT_CONVERSION = YES;
				CLANG_WARN_DEPRECATED_OBJC_IMPLEMENTATIONS = YES;
				CLANG_WARN_DIRECT_OBJC_ISA_USAGE = YES_ERROR;
				CLANG_WARN_DOCUMENTATION_COMMENTS = YES;
				CLANG_WARN_EMPTY_BODY = YES;
				CLANG_WARN_ENUM_CONVERSION = YES;
				CLANG_WARN_INFINITE_RECURSION = YES;
				CLANG_WARN_INT_CONVERSION = YES;
				CLANG_WARN_NON_LITERAL_NULL_CONVERSION = YES;
				CLANG_WARN_OBJC_IMPLICIT_RETAIN_SELF = YES;
				CLANG_WARN_OBJC_LITERAL_CONVERSION = YES;
				CLANG_WARN_OBJC_ROOT_CLASS = YES_ERROR;
				CLANG_WARN_QUOTED_INCLUDE_IN_FRAMEWORK_HEADER = YES;
				CLANG_WARN_RANGE_LOOP_ANALYSIS = YES;
				CLANG_WARN_STRICT_PROTOTYPES = YES;
				CLANG_WARN_SUSPICIOUS_MOVE = YES;
				CLANG_WARN_UNGUARDED_AVAILABILITY = YES_AGGRESSIVE;
				CLANG_WARN_UNREACHABLE_CODE = YES;
				CLANG_WARN__DUPLICATE_METHOD_MATCH = YES;
				COPY_PHASE_STRIP = NO;
				DEBUG_INFORMATION_FORMAT = "dwarf-with-dsym";
				ENABLE_NS_ASSERTIONS = NO;
				ENABLE_STRICT_OBJC_MSGSEND = YES;
				GCC_C_LANGUAGE_STANDARD = gnu11;
				GCC_NO_COMMON_BLOCKS = YES;
				GCC_WARN_64_TO_32_BIT_CONVERSION = YES;
				GCC_WARN_ABOUT_RETURN_TYPE = YES_ERROR;
				GCC_WARN_UNDECLARED_SELECTOR = YES;
				GCC_WARN_UNINITIALIZED_AUTOS = YES_AGGRESSIVE;
				GCC_WARN_UNUSED_FUNCTION = YES;
				GCC_WARN_UNUSED_VARIABLE = YES;
				IPHONEOS_DEPLOYMENT_TARGET = 15.0;
				MTL_ENABLE_DEBUG_INFO = NO;
				MTL_FAST_MATH = YES;
				PRODUCT_NAME = "$(TARGET_NAME)";
				SDKROOT = iphoneos;
				SWIFT_COMPILATION_MODE = wholemodule;
				SWIFT_OPTIMIZATION_LEVEL = "-O";
				SWIFT_VERSION = 5.0;
			};
			name = Release;
		};
		62BD0AB78F36D6DA64A306FC /* Debug */ = {
			isa = XCBuildConfiguration;
			buildSettings = {
				ASSETCATALOG_COMPILER_APPICON_NAME = AppIcon;
				CODE_SIGN_IDENTITY = "iPhone Developer";
				DEVELOPMENT_TEAM = X85W27V7RL;
				GENERATE_INFOPLIST_FILE = NO;
				INFOPLIST_FILE = MobikiExample/Info.plist;
				IPHONEOS_DEPLOYMENT_TARGET = 15.0;
				LD_RUNPATH_SEARCH_PATHS = (
					"$(inherited)",
					"@executable_path/Frameworks",
				);
				PRODUCT_BUNDLE_IDENTIFIER = uk.mobiki.example;
				SDKROOT = iphoneos;
				SWIFT_VERSION = 5.9;
				TARGETED_DEVICE_FAMILY = "1,2";
			};
			name = Debug;
		};
		6B23171F8DEA79C619F69084 /* Release */ = {
			isa = XCBuildConfiguration;
			buildSettings = {
				ASSETCATALOG_COMPILER_APPICON_NAME = AppIcon;
				CODE_SIGN_IDENTITY = "iPhone Developer";
				DEVELOPMENT_TEAM = X85W27V7RL;
				GENERATE_INFOPLIST_FILE = NO;
				INFOPLIST_FILE = MobikiExample/Info.plist;
				IPHONEOS_DEPLOYMENT_TARGET = 15.0;
				LD_RUNPATH_SEARCH_PATHS = (
					"$(inherited)",
					"@executable_path/Frameworks",
				);
				PRODUCT_BUNDLE_IDENTIFIER = uk.mobiki.example;
				SDKROOT = iphoneos;
				SWIFT_VERSION = 5.9;
				TARGETED_DEVICE_FAMILY = "1,2";
			};
			name = Release;
		};
/* End XCBuildConfiguration section */

/* Begin XCConfigurationList section */
		8FD081F08E2C90193091890D /* Build configuration list for PBXProject "MobikiExample" */ = {
			isa = XCConfigurationList;
			buildConfigurations = (
				04CD6B60D6042CD0B1E69222 /* Debug */,
				3C627B86575D898D49D8DB9D /* Release */,
			);
			defaultConfigurationIsVisible = 0;
			defaultConfigurationName = Debug;
		};
		9F5E7D5CEC450036AC164DD8 /* Build configuration list for PBXNativeTarget "MobikiExample" */ = {
			isa = XCConfigurationList;
			buildConfigurations = (
				62BD0AB78F36D6DA64A306FC /* Debug */,
				6B23171F8DEA79C619F69084 /* Release */,
			);
			defaultConfigurationIsVisible = 0;
			defaultConfigurationName = Debug;
		};
/* End XCConfigurationList section */

/* Begin XCLocalSwiftPackageReference section */
		81E63FC6DE540184EBC20331 /* XCLocalSwiftPackageReference "..//" */ = {
			isa = XCLocalSwiftPackageReference;
			relativePath = "..//";
		};
/* End XCLocalSwiftPackageReference section */

/* Begin XCSwiftPackageProductDependency section */
		CD73B2C37037952D0347D80D /* MobikiSDK */ = {
			isa = XCSwiftPackageProductDependency;
			productName = MobikiSDK;
		};
/* End XCSwiftPackageProductDependency section */
	};
	rootObject = 41911DDF3ECAD89E0278A7FF /* Project object */;
}
